
Microsoft Visual Studio Solution File, Format Version 12.00
# Visual Studio Version 17
VisualStudioVersion = 17.4.33103.184
MinimumVisualStudioVersion = 10.0.40219.1
Project("{8BC9CEB8-8B4A-11D0-8D11-00A0C91BC942}") = "EU4toV3", "EU4toV3\EU4toV3.vcxproj", "{84ABCE0D-17FE-44A5-8684-5A8AA04E80B9}"
EndProject
Project("{8BC9CEB8-8B4A-11D0-8D11-00A0C91BC942}") = "EU4toV3Tests", "EU4toV3Tests\EU4toV3Tests.vcxproj", "{54DB009B-3320-4565-9489-9E713AE77900}"
EndProject
Project("{8BC9CEB8-8B4A-11D0-8D11-00A0C91BC942}") = "Fronter", "Fronter\Fronter.vcxproj", "{D4E43E3D-E131-466D-9AA7-704C2298EACC}"
EndProject
Global
	GlobalSection(SolutionConfigurationPlatforms) = preSolution
		Debug|x64 = Debug|x64
		Debug|x86 = Debug|x86
		Release|x64 = Release|x64
		Release|x86 = Release|x86
	EndGlobalSection
	GlobalSection(ProjectConfigurationPlatforms) = postSolution
		{84ABCE0D-17FE-44A5-8684-5A8AA04E80B9}.Debug|x64.ActiveCfg = Release|x64
		{84ABCE0D-17FE-44A5-8684-5A8AA04E80B9}.Debug|x64.Build.0 = Release|x64
		{84ABCE0D-17FE-44A5-8684-5A8AA04E80B9}.Debug|x86.ActiveCfg = Release|x64
		{84ABCE0D-17FE-44A5-8684-5A8AA04E80B9}.Debug|x86.Build.0 = Release|x64
		{84ABCE0D-17FE-44A5-8684-5A8AA04E80B9}.Release|x64.ActiveCfg = Release|x64
		{84ABCE0D-17FE-44A5-8684-5A8AA04E80B9}.Release|x64.Build.0 = Release|x64
		{84ABCE0D-17FE-44A5-8684-5A8AA04E80B9}.Release|x86.ActiveCfg = Release|x64
		{84ABCE0D-17FE-44A5-8684-5A8AA04E80B9}.Release|x86.Build.0 = Release|x64
		{54DB009B-3320-4565-9489-9E713AE77900}.Debug|x64.ActiveCfg = Release|x64
		{54DB009B-3320-4565-9489-9E713AE77900}.Debug|x64.Build.0 = Release|x64
		{54DB009B-3320-4565-9489-9E713AE77900}.Debug|x86.ActiveCfg = Release|x64
		{54DB009B-3320-4565-9489-9E713AE77900}.Debug|x86.Build.0 = Release|x64
		{54DB009B-3320-4565-9489-9E713AE77900}.Release|x64.ActiveCfg = Release|x64
		{54DB009B-3320-4565-9489-9E713AE77900}.Release|x64.Build.0 = Release|x64
		{54DB009B-3320-4565-9489-9E713AE77900}.Release|x86.ActiveCfg = Release|x64
		{54DB009B-3320-4565-9489-9E713AE77900}.Release|x86.Build.0 = Release|x64
		{D4E43E3D-E131-466D-9AA7-704C2298EACC}.Debug|x64.ActiveCfg = Debug|x64
		{D4E43E3D-E131-466D-9AA7-704C2298EACC}.Debug|x64.Build.0 = Debug|x64
		{D4E43E3D-E131-466D-9AA7-704C2298EACC}.Debug|x86.ActiveCfg = Debug|Win32
		{D4E43E3D-E131-466D-9AA7-704C2298EACC}.Debug|x86.Build.0 = Debug|Win32
		{D4E43E3D-E131-466D-9AA7-704C2298EACC}.Release|x64.ActiveCfg = Release|x64
		{D4E43E3D-E131-466D-9AA7-704C2298EACC}.Release|x64.Build.0 = Release|x64
		{D4E43E3D-E131-466D-9AA7-704C2298EACC}.Release|x86.ActiveCfg = Release|Win32
		{D4E43E3D-E131-466D-9AA7-704C2298EACC}.Release|x86.Build.0 = Release|Win32
	EndGlobalSection
	GlobalSection(SolutionProperties) = preSolution
		HideSolutionNode = FALSE
	EndGlobalSection
	GlobalSection(ExtensibilityGlobals) = postSolution
		SolutionGuid = {EF7B60AC-95E7-4DAC-B82B-8A3A169926AD}
	EndGlobalSection
EndGlobal
