<?xml version="1.0" encoding="utf-8"?>
<Project ToolsVersion="4.0" xmlns="http://schemas.microsoft.com/developer/msbuild/2003">
  <ItemGroup>
    <ClCompile Include="..\googletest\googletest\src\gtest-all.cc" />
    <ClCompile Include="..\googletest\googletest\src\gtest_main.cc" />
    <ClCompile Include="..\googletest\googlemock\src\gmock-all.cc" />
    <ClCompile Include="..\commonItems\Date.cpp">
      <Filter>ConverterFiles\commonItems</Filter>
    </ClCompile>
    <ClCompile Include="..\commonItems\iconvlite.cpp">
      <Filter>ConverterFiles\commonItems</Filter>
    </ClCompile>
    <ClCompile Include="..\commonItems\Log.cpp">
      <Filter>ConverterFiles\commonItems</Filter>
    </ClCompile>
    <ClCompile Include="..\commonItems\Parser.cpp">
      <Filter>ConverterFiles\commonItems</Filter>
    </ClCompile>
    <ClCompile Include="..\commonItems\ParserHelpers.cpp">
      <Filter>ConverterFiles\commonItems</Filter>
    </ClCompile>
    <ClCompile Include="..\commonItems\StringUtils.cpp">
      <Filter>ConverterFiles\commonItems</Filter>
    </ClCompile>
    <ClCompile Include="..\commonItems\WinUtils.cpp">
      <Filter>ConverterFiles\commonItems</Filter>
    </ClCompile>
    <ClCompile Include="..\commonItems\OSCommonLayer.cpp">
      <Filter>ConverterFiles\commonItems</Filter>
    </ClCompile>
    <ClCompile Include="..\commonItems\GameVersion.cpp">
      <Filter>ConverterFiles\commonItems</Filter>
    </ClCompile>
    <ClCompile Include="..\commonItems\CommonFunctions.cpp">
      <Filter>ConverterFiles\commonItems</Filter>
    </ClCompile>
    <ClCompile Include="..\commonItems\Color.cpp">
      <Filter>ConverterFiles\commonItems</Filter>
    </ClCompile>
    <ClCompile Include="..\commonItems\ConvenientParser.cpp">
      <Filter>ConverterFiles\commonItems</Filter>
    </ClCompile>
  </ItemGroup>
  <ItemGroup>
    <Filter Include="EU4WorldTests">
      <UniqueIdentifier>{69d5d957-cedc-4e54-ac00-35b57710b4a9}</UniqueIdentifier>
    </Filter>
    <Filter Include="ConverterFiles">
      <UniqueIdentifier>{15d90f21-825c-4b5c-8541-ce76f1fb3bf3}</UniqueIdentifier>
    </Filter>
    <Filter Include="ConverterFiles\V3World">
      <UniqueIdentifier>{e38cf41f-c863-4ffd-8b4a-54af80f25231}</UniqueIdentifier>
    </Filter>
    <Filter Include="ConverterFiles\Mappers">
      <UniqueIdentifier>{be2418b3-5cc4-4dd1-973c-30f8d0cf97e2}</UniqueIdentifier>
    </Filter>
    <Filter Include="ConverterFiles\EU4World">
      <UniqueIdentifier>{4b1804e5-f7ad-47d2-ad23-ff9402369723}</UniqueIdentifier>
    </Filter>
    <Filter Include="MapperTests">
      <UniqueIdentifier>{464b88af-654c-465b-a04b-5006c936bb45}</UniqueIdentifier>
    </Filter>
    <Filter Include="ConverterFiles\Helpers">
      <UniqueIdentifier>{24f4672d-5798-4943-8a21-4d71d38580e5}</UniqueIdentifier>
    </Filter>
    <Filter Include="HelpersTests">
      <UniqueIdentifier>{990552e6-b585-4a97-8e3c-63c6099e25e1}</UniqueIdentifier>
    </Filter>
    <Filter Include="ConverterFiles\commonItems">
      <UniqueIdentifier>{87c6ec85-b77f-4e5f-9685-fe52f9d29d40}</UniqueIdentifier>
    </Filter>
    <Filter Include="ConverterFiles\EU4World\Country">
      <UniqueIdentifier>{c1674661-8eff-458b-a61c-233f04e6f357}</UniqueIdentifier>
    </Filter>
  </ItemGroup>
  <ItemGroup>
    <ClInclude Include="..\commonItems\ConvenientParser.h">
      <Filter>ConverterFiles\commonItems</Filter>
    </ClInclude>
  </ItemGroup>
</Project>