<?xml version="1.0" encoding="utf-8"?>
<Project ToolsVersion="4.0" xmlns="http://schemas.microsoft.com/developer/msbuild/2003">
  <ItemGroup>
    <ClCompile Include="Source\EU4toVic3Converter.cpp" />
    <ClCompile Include="Source\main.cpp" />
    <ClCompile Include="Source\EU4World\World.cpp">
      <Filter>EU4World</Filter>
    </ClCompile>
    <ClCompile Include="Source\V3World\V3World.cpp">
      <Filter>Vic3World</Filter>
    </ClCompile>
    <ClCompile Include="..\commonItems\Date.cpp">
      <Filter>CommonItems</Filter>
    </ClCompile>
    <ClCompile Include="..\commonItems\iconvlite.cpp">
      <Filter>CommonItems</Filter>
    </ClCompile>
    <ClCompile Include="..\commonItems\Log.cpp">
      <Filter>CommonItems</Filter>
    </ClCompile>
    <ClCompile Include="..\commonItems\Parser.cpp">
      <Filter>CommonItems</Filter>
    </ClCompile>
    <ClCompile Include="..\commonItems\ParserHelpers.cpp">
      <Filter>CommonItems</Filter>
    </ClCompile>
    <ClCompile Include="..\commonItems\StringUtils.cpp">
      <Filter>CommonItems</Filter>
    </ClCompile>
    <ClCompile Include="..\commonItems\WinUtils.cpp">
      <Filter>CommonItems</Filter>
    </ClCompile>
    <ClCompile Include="..\commonItems\OSCommonLayer.cpp">
      <Filter>CommonItems</Filter>
    </ClCompile>
    <ClCompile Include="..\commonItems\CommonFunctions.cpp">
      <Filter>CommonItems</Filter>
    </ClCompile>
    <ClCompile Include="..\commonItems\GameVersion.cpp">
      <Filter>CommonItems</Filter>
    </ClCompile>
    <ClCompile Include="..\commonItems\targa.cpp">
      <Filter>CommonItems</Filter>
    </ClCompile>
    <ClCompile Include="..\commonItems\Color.cpp">
      <Filter>CommonItems</Filter>
    </ClCompile>
    <ClCompile Include="..\commonItems\ConvenientParser.cpp">
      <Filter>CommonItems</Filter>
    </ClCompile>
    <ClCompile Include="Source\Configuration\Configuration.cpp">
      <Filter>Configuration</Filter>
    </ClCompile>
    <ClCompile Include="Source\EU4World\RegionManager\Area.cpp">
      <Filter>EU4World\RegionManager</Filter>
    </ClCompile>
    <ClCompile Include="Source\EU4World\RegionManager\Region.cpp">
      <Filter>EU4World\RegionManager</Filter>
    </ClCompile>
    <ClCompile Include="Source\EU4World\RegionManager\RegionManager.cpp">
      <Filter>EU4World\RegionManager</Filter>
    </ClCompile>
    <ClCompile Include="Source\EU4World\RegionManager\SuperRegion.cpp">
      <Filter>EU4World\RegionManager</Filter>
    </ClCompile>
    <ClCompile Include="Source\EU4World\ProvinceManager\DateItems.cpp">
      <Filter>EU4World\ProvinceManager</Filter>
    </ClCompile>
    <ClCompile Include="Source\EU4World\ProvinceManager\EU4Province.cpp">
      <Filter>EU4World\ProvinceManager</Filter>
    </ClCompile>
    <ClCompile Include="Source\EU4World\ProvinceManager\ProvinceBuildings.cpp">
      <Filter>EU4World\ProvinceManager</Filter>
    </ClCompile>
    <ClCompile Include="Source\EU4World\ProvinceManager\ProvinceHistory.cpp">
      <Filter>EU4World\ProvinceManager</Filter>
    </ClCompile>
    <ClCompile Include="Source\EU4World\ProvinceManager\ProvinceManager.cpp">
      <Filter>EU4World\ProvinceManager</Filter>
    </ClCompile>
    <ClCompile Include="Source\EU4World\ProvinceManager\PopRatio.cpp">
      <Filter>EU4World\ProvinceManager</Filter>
    </ClCompile>
    <ClCompile Include="Source\Mappers\SuperGroupMapper\AssimilationParser.cpp">
      <Filter>Mappers\SuperGroupMapper</Filter>
    </ClCompile>
    <ClCompile Include="Source\Mappers\SuperGroupMapper\SuperGroupMapper.cpp">
      <Filter>Mappers\SuperGroupMapper</Filter>
    </ClCompile>
    <ClCompile Include="Source\Mappers\SuperGroupMapper\SuperRegionParser.cpp">
      <Filter>Mappers\SuperGroupMapper</Filter>
    </ClCompile>
    <ClCompile Include="Source\EU4World\CountryManager\EU4ActiveIdeas.cpp">
      <Filter>EU4World\CountryManager</Filter>
    </ClCompile>
    <ClCompile Include="Source\EU4World\CountryManager\EU4ActivePolicy.cpp">
      <Filter>EU4World\CountryManager</Filter>
    </ClCompile>
    <ClCompile Include="Source\EU4World\CountryManager\EU4Country.cpp">
      <Filter>EU4World\CountryManager</Filter>
    </ClCompile>
    <ClCompile Include="Source\EU4World\CountryManager\EU4CountryFlags.cpp">
      <Filter>EU4World\CountryManager</Filter>
    </ClCompile>
    <ClCompile Include="Source\EU4World\CountryManager\EU4CountryManager.cpp">
      <Filter>EU4World\CountryManager</Filter>
    </ClCompile>
    <ClCompile Include="Source\EU4World\CountryManager\EU4CountryModifier.cpp">
      <Filter>EU4World\CountryManager</Filter>
    </ClCompile>
    <ClCompile Include="Source\EU4World\CountryManager\EU4Technology.cpp">
      <Filter>EU4World\CountryManager</Filter>
    </ClCompile>
    <ClCompile Include="Source\EU4World\CountryManager\CountryArmy\EU4Army.cpp">
      <Filter>EU4World\CountryManager\CountryArmy</Filter>
    </ClCompile>
    <ClCompile Include="Source\EU4World\CountryManager\CountryArmy\EU4Regiment.cpp">
      <Filter>EU4World\CountryManager\CountryArmy</Filter>
    </ClCompile>
    <ClCompile Include="Source\EU4World\CountryManager\CountryGovernment\EU4GovernmentSection.cpp">
      <Filter>EU4World\CountryManager\CountryGovernment</Filter>
    </ClCompile>
    <ClCompile Include="Source\EU4World\CountryManager\CountryGovernment\EU4ReformStackSection.cpp">
      <Filter>EU4World\CountryManager\CountryGovernment</Filter>
    </ClCompile>
    <ClCompile Include="Source\EU4World\CountryManager\CountryHistory\CountryHistory.cpp">
      <Filter>EU4World\CountryManager\CountryHistory</Filter>
    </ClCompile>
    <ClCompile Include="Source\EU4World\CountryManager\CountryHistory\CountryHistoryDate.cpp">
      <Filter>EU4World\CountryManager\CountryHistory</Filter>
    </ClCompile>
    <ClCompile Include="Source\EU4World\CountryManager\CountryRelations\EU4RelationDetails.cpp">
      <Filter>EU4World\CountryManager\CountryRelations</Filter>
    </ClCompile>
    <ClCompile Include="Source\EU4World\CountryManager\CountryRelations\EU4Relations.cpp">
      <Filter>EU4World\CountryManager\CountryRelations</Filter>
    </ClCompile>
    <ClCompile Include="Source\EU4World\CountryManager\NationalSymbol\EU4CustomColors.cpp">
      <Filter>EU4World\CountryManager\NationalSymbol</Filter>
    </ClCompile>
    <ClCompile Include="Source\EU4World\CountryManager\NationalSymbol\EU4NationalSymbol.cpp">
      <Filter>EU4World\CountryManager\NationalSymbol</Filter>
    </ClCompile>
    <ClCompile Include="Source\EU4World\Loaders\BuildingCostLoader\BuildingCost.cpp">
      <Filter>EU4World\Loaders\BuildingCostLoader</Filter>
    </ClCompile>
    <ClCompile Include="Source\EU4World\Loaders\BuildingCostLoader\BuildingCostLoader.cpp">
      <Filter>EU4World\Loaders\BuildingCostLoader</Filter>
    </ClCompile>
    <ClCompile Include="Source\EU4World\Loaders\CultureLoader\CultureGroupParser.cpp">
      <Filter>EU4World\Loaders\CultureLoader</Filter>
    </ClCompile>
    <ClCompile Include="Source\EU4World\Loaders\CultureLoader\CultureLoader.cpp">
      <Filter>EU4World\Loaders\CultureLoader</Filter>
    </ClCompile>
    <ClCompile Include="Source\EU4World\Loaders\CultureLoader\CultureParser.cpp">
      <Filter>EU4World\Loaders\CultureLoader</Filter>
    </ClCompile>
    <ClCompile Include="Source\EU4World\Loaders\DefaultMapParser\DefaultMapParser.cpp">
      <Filter>EU4World\Loaders\DefaultMapParser</Filter>
    </ClCompile>
    <ClCompile Include="Source\EU4World\Loaders\DefinitionScraper\DefinitionScraper.cpp">
      <Filter>EU4World\Loaders\DefinitionScraper</Filter>
    </ClCompile>
    <ClCompile Include="Source\EU4World\Loaders\ModLoader\ModNames.cpp">
      <Filter>EU4World\Loaders\ModLoader</Filter>
    </ClCompile>
    <ClCompile Include="Source\EU4World\Loaders\ReligionLoader\ReligionLoader.cpp">
      <Filter>EU4World\Loaders\ReligionLoader</Filter>
    </ClCompile>
    <ClCompile Include="Source\EU4World\Loaders\ReligionLoader\ReligionParser.cpp">
      <Filter>EU4World\Loaders\ReligionLoader</Filter>
    </ClCompile>
    <ClCompile Include="Source\EU4World\Loaders\UnitTypeLoader\UnitTypeLoader.cpp">
      <Filter>EU4World\Loaders\UnitTypeLoader</Filter>
    </ClCompile>
    <ClCompile Include="Source\EU4World\Loaders\UnitTypeLoader\UnitTypeParser.cpp">
      <Filter>EU4World\Loaders\UnitTypeLoader</Filter>
    </ClCompile>
    <ClCompile Include="Source\EU4World\CountryManager\CountryLeader\EU4Leader.cpp">
      <Filter>EU4World\CountryManager\CountryLeader</Filter>
    </ClCompile>
    <ClCompile Include="Source\EU4World\CountryManager\CountryLeader\EU4LeaderID.cpp">
      <Filter>EU4World\CountryManager\CountryLeader</Filter>
    </ClCompile>
    <ClCompile Include="Source\EU4World\EmpireParser\EmpireParser.cpp">
      <Filter>EU4World\EmpireParser</Filter>
    </ClCompile>
    <ClCompile Include="Source\EU4World\Loaders\CommonCountryLoader\CommonCountryLoader.cpp">
      <Filter>EU4World\Loaders\CommonCountryLoader</Filter>
    </ClCompile>
    <ClCompile Include="Source\Mappers\NationMergeMapper\MergeBlock.cpp">
      <Filter>Mappers\NationMergeMapper</Filter>
    </ClCompile>
    <ClCompile Include="Source\Mappers\NationMergeMapper\NationMergeMapper.cpp">
      <Filter>Mappers\NationMergeMapper</Filter>
    </ClCompile>
    <ClCompile Include="Source\EU4World\DiplomacyParser\EU4Agreement.cpp">
      <Filter>EU4World\DiplomacyParser</Filter>
    </ClCompile>
    <ClCompile Include="Source\EU4World\DiplomacyParser\DiplomacyParser.cpp">
      <Filter>EU4World\DiplomacyParser</Filter>
    </ClCompile>
    <ClCompile Include="Source\EU4World\WarParser\WarDetails.cpp">
      <Filter>EU4World\WarParser</Filter>
    </ClCompile>
    <ClCompile Include="Source\EU4World\WarParser\WarParser.cpp">
      <Filter>EU4World\WarParser</Filter>
    </ClCompile>
    <ClCompile Include="Source\EU4World\Loaders\LocalizationLoader\EU4LocalizationLoader.cpp">
      <Filter>EU4World\Loaders\LocalizationLoader</Filter>
    </ClCompile>
    <ClCompile Include="Source\EU4World\Loaders\ColonialRegionLoader\ColonialRegion.cpp">
      <Filter>EU4World\Loaders\ColonialRegionLoader</Filter>
    </ClCompile>
    <ClCompile Include="Source\EU4World\Loaders\ColonialRegionLoader\ColonialRegionLoader.cpp">
      <Filter>EU4World\Loaders\ColonialRegionLoader</Filter>
    </ClCompile>
    <ClCompile Include="..\commonItems\ConverterVersion.cpp">
      <Filter>CommonItems</Filter>
    </ClCompile>
    <ClCompile Include="..\commonItems\ModLoader\ModLoader.cpp">
      <Filter>CommonItems\ModLoader</Filter>
    </ClCompile>
    <ClCompile Include="..\commonItems\ModLoader\ModParser.cpp">
      <Filter>CommonItems\ModLoader</Filter>
    </ClCompile>
    <ClCompile Include="..\commonItems\ModLoader\ModFilesystem.cpp">
      <Filter>CommonItems\ModLoader</Filter>
    </ClCompile>
    <ClCompile Include="Source\V3World\ClayManager\ClayManager.cpp">
      <Filter>Vic3World\ClayManager</Filter>
    </ClCompile>
    <ClCompile Include="Source\V3World\ClayManager\StateLoader\State.cpp">
      <Filter>Vic3World\ClayManager\StateLoader</Filter>
    </ClCompile>
    <ClCompile Include="Source\V3World\ClayManager\StateLoader\StateLoader.cpp">
      <Filter>Vic3World\ClayManager\StateLoader</Filter>
    </ClCompile>
    <ClCompile Include="Source\V3World\ClayManager\TerrainLoader\TerrainLoader.cpp">
      <Filter>Vic3World\ClayManager\TerrainLoader</Filter>
    </ClCompile>
    <ClCompile Include="Source\V3World\ClayManager\SuperRegionLoader\SuperRegionLoader.cpp">
      <Filter>Vic3World\ClayManager\SuperRegionLoader</Filter>
    </ClCompile>
    <ClCompile Include="Source\V3World\ClayManager\SuperRegionLoader\V3Region.cpp">
      <Filter>Vic3World\ClayManager\SuperRegionLoader</Filter>
    </ClCompile>
    <ClCompile Include="Source\V3World\ClayManager\SuperRegionLoader\V3SuperRegion.cpp">
      <Filter>Vic3World\ClayManager\SuperRegionLoader</Filter>
    </ClCompile>
    <ClCompile Include="Source\Mappers\ProvinceMapper\ProvinceMapper.cpp">
      <Filter>Mappers\ProvinceMapper</Filter>
    </ClCompile>
    <ClCompile Include="Source\Mappers\ProvinceMapper\ProvinceMapping.cpp">
      <Filter>Mappers\ProvinceMapper</Filter>
    </ClCompile>
    <ClCompile Include="Source\Mappers\ProvinceMapper\ProvinceMappingsVersion.cpp">
      <Filter>Mappers\ProvinceMapper</Filter>
    </ClCompile>
    <ClCompile Include="Source\V3World\PoliticalManager\PoliticalManager.cpp">
      <Filter>Vic3World\PoliticalManager</Filter>
    </ClCompile>
    <ClCompile Include="Source\V3World\PoliticalManager\CountryDefinitionLoader\CountryDefinitionLoader.cpp">
      <Filter>Vic3World\PoliticalManager\CountryDefinitionLoader</Filter>
    </ClCompile>
    <ClCompile Include="Source\V3World\PoliticalManager\CountryDefinitionLoader\Country.cpp">
      <Filter>Vic3World\PoliticalManager\CountryDefinitionLoader</Filter>
    </ClCompile>
    <ClCompile Include="Source\Mappers\CountryMapper\CountryMapper.cpp">
      <Filter>Mappers\CountryMapper</Filter>
    </ClCompile>
    <ClCompile Include="Source\Mappers\CountryMapper\CountryMapping.cpp">
      <Filter>Mappers\CountryMapper</Filter>
    </ClCompile>
    <ClCompile Include="Source\Output\outWorld.cpp">
      <Filter>Output</Filter>
    </ClCompile>
    <ClCompile Include="Source\Output\outLocalizations\outLocalizations.cpp">
      <Filter>Output\outLocalizations</Filter>
    </ClCompile>
    <ClCompile Include="Source\Output\outStates\outCommonHistoryStates.cpp">
      <Filter>Output\outStates</Filter>
    </ClCompile>
    <ClCompile Include="Source\Output\outStates\outState.cpp">
      <Filter>Output\outStates</Filter>
    </ClCompile>
    <ClCompile Include="Source\Output\outStates\outSubState.cpp">
      <Filter>Output\outStates</Filter>
    </ClCompile>
    <ClCompile Include="Source\Output\outCountries\outCommonCountries.cpp">
      <Filter>Output\outCountries</Filter>
    </ClCompile>
    <ClCompile Include="Source\Output\outMetadataFile\outMetadataFile.cpp">
      <Filter>Output\outMetadataFile</Filter>
    </ClCompile>
    <ClCompile Include="Source\V3World\ClayManager\SubState.cpp">
      <Filter>Vic3World\ClayManager</Filter>
    </ClCompile>
    <ClCompile Include="Source\Mappers\ReligionMapper\ReligionMapper.cpp">
      <Filter>Mappers\ReligionMapper</Filter>
    </ClCompile>
    <ClCompile Include="Source\Mappers\ReligionMapper\ReligionMapping.cpp">
      <Filter>Mappers\ReligionMapper</Filter>
    </ClCompile>
    <ClCompile Include="Source\Mappers\CultureMapper\CultureMapper.cpp">
      <Filter>Mappers\CultureMapper</Filter>
    </ClCompile>
    <ClCompile Include="Source\Mappers\CultureMapper\CultureMappingRule.cpp">
      <Filter>Mappers\CultureMapper</Filter>
    </ClCompile>
    <ClCompile Include="Source\V3World\ClayManager\PopLoader\PopEntry.cpp">
      <Filter>Vic3World\ClayManager\PopLoader</Filter>
    </ClCompile>
    <ClCompile Include="Source\V3World\ClayManager\PopLoader\PopLoader.cpp">
      <Filter>Vic3World\ClayManager\PopLoader</Filter>
    </ClCompile>
    <ClCompile Include="Source\V3World\ClayManager\PopLoader\SubStatePopEntries.cpp">
      <Filter>Vic3World\ClayManager\PopLoader</Filter>
    </ClCompile>
    <ClCompile Include="Source\V3World\ClayManager\PopLoader\SubStateEntries.cpp">
      <Filter>Vic3World\ClayManager\PopLoader</Filter>
    </ClCompile>
    <ClCompile Include="Source\V3World\ClayManager\PopLoader\StateEntries.cpp">
      <Filter>Vic3World\ClayManager\PopLoader</Filter>
    </ClCompile>
    <ClCompile Include="Source\V3World\ClayManager\PopLoader\Pops\StatePops.cpp">
      <Filter>Vic3World\ClayManager\PopLoader\Pops</Filter>
    </ClCompile>
    <ClCompile Include="Source\V3World\ClayManager\PopLoader\Pops\SubStatePops.cpp">
      <Filter>Vic3World\ClayManager\PopLoader\Pops</Filter>
    </ClCompile>
  </ItemGroup>
  <ItemGroup>
    <ClInclude Include="Source\EU4ToVic3Converter.h" />
    <ClInclude Include="Source\EU4World\World.h">
      <Filter>EU4World</Filter>
    </ClInclude>
    <ClInclude Include="Source\V3World\V3World.h">
      <Filter>Vic3World</Filter>
    </ClInclude>
    <ClInclude Include="..\commonItems\Date.h">
      <Filter>CommonItems</Filter>
    </ClInclude>
    <ClInclude Include="..\commonItems\iconvlite.h">
      <Filter>CommonItems</Filter>
    </ClInclude>
    <ClInclude Include="..\commonItems\Log.h">
      <Filter>CommonItems</Filter>
    </ClInclude>
    <ClInclude Include="..\commonItems\OSCompatibilityLayer.h">
      <Filter>CommonItems</Filter>
    </ClInclude>
    <ClInclude Include="..\commonItems\Parser.h">
      <Filter>CommonItems</Filter>
    </ClInclude>
    <ClInclude Include="..\commonItems\ParserHelpers.h">
      <Filter>CommonItems</Filter>
    </ClInclude>
    <ClInclude Include="..\commonItems\StringUtils.h">
      <Filter>CommonItems</Filter>
    </ClInclude>
    <ClInclude Include="..\commonItems\CommonFunctions.h">
      <Filter>CommonItems</Filter>
    </ClInclude>
    <ClInclude Include="..\commonItems\GameVersion.h">
      <Filter>CommonItems</Filter>
    </ClInclude>
    <ClInclude Include="..\commonItems\targa.h">
      <Filter>CommonItems</Filter>
    </ClInclude>
    <ClInclude Include="Source\Helpers\rakaly.h">
      <Filter>Helpers</Filter>
    </ClInclude>
    <ClInclude Include="..\commonItems\Color.h">
      <Filter>CommonItems</Filter>
    </ClInclude>
    <ClInclude Include="Source\Helpers\rakaly_wrapper.h">
      <Filter>Helpers</Filter>
    </ClInclude>
    <ClInclude Include="..\commonItems\CommonRegexes.h">
      <Filter>CommonItems</Filter>
    </ClInclude>
    <ClInclude Include="..\commonItems\ConvenientParser.h">
      <Filter>CommonItems</Filter>
    </ClInclude>
    <ClInclude Include="Source\Configuration\Configuration.h">
      <Filter>Configuration</Filter>
    </ClInclude>
    <ClInclude Include="Source\EU4World\RegionManager\Area.h">
      <Filter>EU4World\RegionManager</Filter>
    </ClInclude>
    <ClInclude Include="Source\EU4World\RegionManager\Region.h">
      <Filter>EU4World\RegionManager</Filter>
    </ClInclude>
    <ClInclude Include="Source\EU4World\RegionManager\RegionManager.h">
      <Filter>EU4World\RegionManager</Filter>
    </ClInclude>
    <ClInclude Include="Source\EU4World\RegionManager\SuperRegion.h">
      <Filter>EU4World\RegionManager</Filter>
    </ClInclude>
    <ClInclude Include="Source\EU4World\ProvinceManager\DateItems.h">
      <Filter>EU4World\ProvinceManager</Filter>
    </ClInclude>
    <ClInclude Include="Source\EU4World\ProvinceManager\EU4Province.h">
      <Filter>EU4World\ProvinceManager</Filter>
    </ClInclude>
    <ClInclude Include="Source\EU4World\ProvinceManager\ProvinceBuildings.h">
      <Filter>EU4World\ProvinceManager</Filter>
    </ClInclude>
    <ClInclude Include="Source\EU4World\ProvinceManager\ProvinceHistory.h">
      <Filter>EU4World\ProvinceManager</Filter>
    </ClInclude>
    <ClInclude Include="Source\EU4World\ProvinceManager\ProvinceManager.h">
      <Filter>EU4World\ProvinceManager</Filter>
    </ClInclude>
    <ClInclude Include="Source\Configuration\DatingData.h">
      <Filter>Configuration</Filter>
    </ClInclude>
    <ClInclude Include="Source\EU4World\ProvinceManager\PopRatio.h">
      <Filter>EU4World\ProvinceManager</Filter>
    </ClInclude>
    <ClInclude Include="Source\Mappers\SuperGroupMapper\AssimilationParser.h">
      <Filter>Mappers\SuperGroupMapper</Filter>
    </ClInclude>
    <ClInclude Include="Source\Mappers\SuperGroupMapper\SuperGroupMapper.h">
      <Filter>Mappers\SuperGroupMapper</Filter>
    </ClInclude>
    <ClInclude Include="Source\Mappers\SuperGroupMapper\SuperRegionParser.h">
      <Filter>Mappers\SuperGroupMapper</Filter>
    </ClInclude>
    <ClInclude Include="Source\EU4World\ProvinceManager\DateChange.h">
      <Filter>EU4World\ProvinceManager</Filter>
    </ClInclude>
    <ClInclude Include="Source\EU4World\CountryManager\EU4ActiveIdeas.h">
      <Filter>EU4World\CountryManager</Filter>
    </ClInclude>
    <ClInclude Include="Source\EU4World\CountryManager\EU4ActivePolicy.h">
      <Filter>EU4World\CountryManager</Filter>
    </ClInclude>
    <ClInclude Include="Source\EU4World\CountryManager\EU4Country.h">
      <Filter>EU4World\CountryManager</Filter>
    </ClInclude>
    <ClInclude Include="Source\EU4World\CountryManager\EU4CountryFlags.h">
      <Filter>EU4World\CountryManager</Filter>
    </ClInclude>
    <ClInclude Include="Source\EU4World\CountryManager\EU4CountryManager.h">
      <Filter>EU4World\CountryManager</Filter>
    </ClInclude>
    <ClInclude Include="Source\EU4World\CountryManager\EU4CountryModifier.h">
      <Filter>EU4World\CountryManager</Filter>
    </ClInclude>
    <ClInclude Include="Source\EU4World\CountryManager\EU4Technology.h">
      <Filter>EU4World\CountryManager</Filter>
    </ClInclude>
    <ClInclude Include="Source\EU4World\CountryManager\CountryArmy\EU4Army.h">
      <Filter>EU4World\CountryManager\CountryArmy</Filter>
    </ClInclude>
    <ClInclude Include="Source\EU4World\CountryManager\CountryArmy\EU4Regiment.h">
      <Filter>EU4World\CountryManager\CountryArmy</Filter>
    </ClInclude>
    <ClInclude Include="Source\EU4World\CountryManager\CountryGovernment\EU4GovernmentSection.h">
      <Filter>EU4World\CountryManager\CountryGovernment</Filter>
    </ClInclude>
    <ClInclude Include="Source\EU4World\CountryManager\CountryGovernment\EU4ReformStackSection.h">
      <Filter>EU4World\CountryManager\CountryGovernment</Filter>
    </ClInclude>
    <ClInclude Include="Source\EU4World\CountryManager\CountryHistory\CountryHistory.h">
      <Filter>EU4World\CountryManager\CountryHistory</Filter>
    </ClInclude>
    <ClInclude Include="Source\EU4World\CountryManager\CountryHistory\CountryHistoryDate.h">
      <Filter>EU4World\CountryManager\CountryHistory</Filter>
    </ClInclude>
    <ClInclude Include="Source\EU4World\CountryManager\CountryRelations\EU4RelationDetails.h">
      <Filter>EU4World\CountryManager\CountryRelations</Filter>
    </ClInclude>
    <ClInclude Include="Source\EU4World\CountryManager\CountryRelations\EU4Relations.h">
      <Filter>EU4World\CountryManager\CountryRelations</Filter>
    </ClInclude>
    <ClInclude Include="Source\EU4World\CountryManager\NationalSymbol\EU4CustomColors.h">
      <Filter>EU4World\CountryManager\NationalSymbol</Filter>
    </ClInclude>
    <ClInclude Include="Source\EU4World\CountryManager\NationalSymbol\EU4NationalSymbol.h">
      <Filter>EU4World\CountryManager\NationalSymbol</Filter>
    </ClInclude>
    <ClInclude Include="Source\EU4World\Loaders\BuildingCostLoader\BuildingCost.h">
      <Filter>EU4World\Loaders\BuildingCostLoader</Filter>
    </ClInclude>
    <ClInclude Include="Source\EU4World\Loaders\BuildingCostLoader\BuildingCostLoader.h">
      <Filter>EU4World\Loaders\BuildingCostLoader</Filter>
    </ClInclude>
    <ClInclude Include="Source\EU4World\Loaders\CultureLoader\CultureGroupParser.h">
      <Filter>EU4World\Loaders\CultureLoader</Filter>
    </ClInclude>
    <ClInclude Include="Source\EU4World\Loaders\CultureLoader\CultureLoader.h">
      <Filter>EU4World\Loaders\CultureLoader</Filter>
    </ClInclude>
    <ClInclude Include="Source\EU4World\Loaders\CultureLoader\CultureParser.h">
      <Filter>EU4World\Loaders\CultureLoader</Filter>
    </ClInclude>
    <ClInclude Include="Source\EU4World\Loaders\DefaultMapParser\DefaultMapParser.h">
      <Filter>EU4World\Loaders\DefaultMapParser</Filter>
    </ClInclude>
    <ClInclude Include="Source\EU4World\Loaders\DefinitionScraper\DefinitionScraper.h">
      <Filter>EU4World\Loaders\DefinitionScraper</Filter>
    </ClInclude>
    <ClInclude Include="Source\EU4World\Loaders\ModLoader\ModNames.h">
      <Filter>EU4World\Loaders\ModLoader</Filter>
    </ClInclude>
    <ClInclude Include="Source\EU4World\Loaders\ReligionLoader\ReligionLoader.h">
      <Filter>EU4World\Loaders\ReligionLoader</Filter>
    </ClInclude>
    <ClInclude Include="Source\EU4World\Loaders\ReligionLoader\ReligionParser.h">
      <Filter>EU4World\Loaders\ReligionLoader</Filter>
    </ClInclude>
    <ClInclude Include="Source\EU4World\Loaders\UnitTypeLoader\UnitTypeLoader.h">
      <Filter>EU4World\Loaders\UnitTypeLoader</Filter>
    </ClInclude>
    <ClInclude Include="Source\EU4World\Loaders\UnitTypeLoader\UnitTypeParser.h">
      <Filter>EU4World\Loaders\UnitTypeLoader</Filter>
    </ClInclude>
    <ClInclude Include="Source\EU4World\Loaders\UnitTypeLoader\UnitType.h">
      <Filter>EU4World\Loaders\UnitTypeLoader</Filter>
    </ClInclude>
    <ClInclude Include="Source\EU4World\CountryManager\CountryLeader\EU4Leader.h">
      <Filter>EU4World\CountryManager\CountryLeader</Filter>
    </ClInclude>
    <ClInclude Include="Source\EU4World\CountryManager\CountryLeader\EU4LeaderID.h">
      <Filter>EU4World\CountryManager\CountryLeader</Filter>
    </ClInclude>
    <ClInclude Include="Source\EU4World\CountryManager\NationalSymbol\EU4CustomColorsBlock.h">
      <Filter>EU4World\CountryManager\NationalSymbol</Filter>
    </ClInclude>
    <ClInclude Include="Source\EU4World\EmpireParser\EmpireParser.h">
      <Filter>EU4World\EmpireParser</Filter>
    </ClInclude>
    <ClInclude Include="Source\EU4World\Loaders\CommonCountryLoader\CommonCountryLoader.h">
      <Filter>EU4World\Loaders\CommonCountryLoader</Filter>
    </ClInclude>
    <ClInclude Include="Source\Mappers\NationMergeMapper\MergeBlock.h">
      <Filter>Mappers\NationMergeMapper</Filter>
    </ClInclude>
    <ClInclude Include="Source\Mappers\NationMergeMapper\NationMergeMapper.h">
      <Filter>Mappers\NationMergeMapper</Filter>
    </ClInclude>
    <ClInclude Include="Source\EU4World\DiplomacyParser\EU4Agreement.h">
      <Filter>EU4World\DiplomacyParser</Filter>
    </ClInclude>
    <ClInclude Include="Source\EU4World\DiplomacyParser\DiplomacyParser.h">
      <Filter>EU4World\DiplomacyParser</Filter>
    </ClInclude>
    <ClInclude Include="Source\EU4World\WarParser\WarDetails.h">
      <Filter>EU4World\WarParser</Filter>
    </ClInclude>
    <ClInclude Include="Source\EU4World\WarParser\WarParser.h">
      <Filter>EU4World\WarParser</Filter>
    </ClInclude>
    <ClInclude Include="Source\EU4World\Loaders\LocalizationLoader\EU4LocalizationLoader.h">
      <Filter>EU4World\Loaders\LocalizationLoader</Filter>
    </ClInclude>
    <ClInclude Include="Source\EU4World\Loaders\ColonialRegionLoader\ColonialRegion.h">
      <Filter>EU4World\Loaders\ColonialRegionLoader</Filter>
    </ClInclude>
    <ClInclude Include="Source\EU4World\Loaders\ColonialRegionLoader\ColonialRegionLoader.h">
      <Filter>EU4World\Loaders\ColonialRegionLoader</Filter>
    </ClInclude>
    <ClInclude Include="..\commonItems\ConverterVersion.h">
      <Filter>CommonItems</Filter>
    </ClInclude>
    <ClInclude Include="..\commonItems\ModLoader\ModLoader.h">
      <Filter>CommonItems\ModLoader</Filter>
    </ClInclude>
    <ClInclude Include="..\commonItems\ModLoader\ModParser.h">
      <Filter>CommonItems\ModLoader</Filter>
    </ClInclude>
    <ClInclude Include="..\commonItems\ModLoader\Mod.h">
      <Filter>CommonItems\ModLoader</Filter>
    </ClInclude>
    <ClInclude Include="..\commonItems\ModLoader\ModFilesystem.h">
      <Filter>CommonItems\ModLoader</Filter>
    </ClInclude>
    <ClInclude Include="Source\V3World\ClayManager\ClayManager.h">
      <Filter>Vic3World\ClayManager</Filter>
    </ClInclude>
    <ClInclude Include="Source\V3World\ClayManager\StateLoader\Province.h">
      <Filter>Vic3World\ClayManager\StateLoader</Filter>
    </ClInclude>
    <ClInclude Include="Source\V3World\ClayManager\StateLoader\State.h">
      <Filter>Vic3World\ClayManager\StateLoader</Filter>
    </ClInclude>
    <ClInclude Include="Source\V3World\ClayManager\StateLoader\StateLoader.h">
      <Filter>Vic3World\ClayManager\StateLoader</Filter>
    </ClInclude>
    <ClInclude Include="Source\V3World\ClayManager\TerrainLoader\TerrainLoader.h">
      <Filter>Vic3World\ClayManager\TerrainLoader</Filter>
    </ClInclude>
    <ClInclude Include="Source\V3World\ClayManager\SuperRegionLoader\SuperRegionLoader.h">
      <Filter>Vic3World\ClayManager\SuperRegionLoader</Filter>
    </ClInclude>
    <ClInclude Include="Source\V3World\ClayManager\SuperRegionLoader\V3Region.h">
      <Filter>Vic3World\ClayManager\SuperRegionLoader</Filter>
    </ClInclude>
    <ClInclude Include="Source\V3World\ClayManager\SuperRegionLoader\V3SuperRegion.h">
      <Filter>Vic3World\ClayManager\SuperRegionLoader</Filter>
    </ClInclude>
    <ClInclude Include="Source\Mappers\ProvinceMapper\ProvinceMapper.h">
      <Filter>Mappers\ProvinceMapper</Filter>
    </ClInclude>
    <ClInclude Include="Source\Mappers\ProvinceMapper\ProvinceMapping.h">
      <Filter>Mappers\ProvinceMapper</Filter>
    </ClInclude>
    <ClInclude Include="Source\Mappers\ProvinceMapper\ProvinceMappingsVersion.h">
      <Filter>Mappers\ProvinceMapper</Filter>
    </ClInclude>
    <ClInclude Include="Source\V3World\ClayManager\Chunk.h">
      <Filter>Vic3World\ClayManager</Filter>
    </ClInclude>
    <ClInclude Include="Source\V3World\ClayManager\SubState.h">
      <Filter>Vic3World\ClayManager</Filter>
    </ClInclude>
    <ClInclude Include="Source\V3World\PoliticalManager\PoliticalManager.h">
      <Filter>Vic3World\PoliticalManager</Filter>
    </ClInclude>
    <ClInclude Include="Source\V3World\PoliticalManager\CountryDefinitionLoader\Country.h">
      <Filter>Vic3World\PoliticalManager\CountryDefinitionLoader</Filter>
    </ClInclude>
    <ClInclude Include="Source\V3World\PoliticalManager\CountryDefinitionLoader\CountryDefinitionLoader.h">
      <Filter>Vic3World\PoliticalManager\CountryDefinitionLoader</Filter>
    </ClInclude>
    <ClInclude Include="Source\Mappers\CountryMapper\CountryMapper.h">
      <Filter>Mappers\CountryMapper</Filter>
    </ClInclude>
    <ClInclude Include="Source\Mappers\CountryMapper\CountryMapping.h">
      <Filter>Mappers\CountryMapper</Filter>
    </ClInclude>
    <ClInclude Include="Source\Output\outWorld.h">
      <Filter>Output</Filter>
    </ClInclude>
    <ClInclude Include="Source\Output\outLocalizations\outLocalizations.h">
      <Filter>Output\outLocalizations</Filter>
    </ClInclude>
    <ClInclude Include="Source\Output\outStates\outCommonHistoryStates.h">
      <Filter>Output\outStates</Filter>
    </ClInclude>
    <ClInclude Include="Source\Output\outStates\outState.h">
      <Filter>Output\outStates</Filter>
    </ClInclude>
    <ClInclude Include="Source\Output\outStates\outSubState.h">
      <Filter>Output\outStates</Filter>
    </ClInclude>
    <ClInclude Include="Source\Output\outCountries\outCommonCountries.h">
      <Filter>Output\outCountries</Filter>
    </ClInclude>
    <ClInclude Include="Source\Output\outMetadataFile\outMetadataFile.h">
      <Filter>Output\outMetadataFile</Filter>
    </ClInclude>
    <ClInclude Include="Source\Mappers\ReligionMapper\ReligionMapper.h">
      <Filter>Mappers\ReligionMapper</Filter>
    </ClInclude>
    <ClInclude Include="Source\Mappers\ReligionMapper\ReligionMapping.h">
      <Filter>Mappers\ReligionMapper</Filter>
    </ClInclude>
    <ClInclude Include="Source\Mappers\CultureMapper\CultureMapper.h">
      <Filter>Mappers\CultureMapper</Filter>
    </ClInclude>
    <ClInclude Include="Source\Mappers\CultureMapper\CultureMappingRule.h">
      <Filter>Mappers\CultureMapper</Filter>
    </ClInclude>
    <ClInclude Include="Source\V3World\ClayManager\ProvinceTypeCounter.h">
      <Filter>Vic3World\ClayManager</Filter>
    </ClInclude>
    <ClInclude Include="Source\V3World\ClayManager\ClayMapTypedefs.h">
      <Filter>Vic3World\ClayManager</Filter>
    </ClInclude>
    <ClInclude Include="Source\V3World\ClayManager\PopLoader\PopEntry.h">
      <Filter>Vic3World\ClayManager\PopLoader</Filter>
    </ClInclude>
    <ClInclude Include="Source\V3World\ClayManager\PopLoader\PopLoader.h">
      <Filter>Vic3World\ClayManager\PopLoader</Filter>
    </ClInclude>
    <ClInclude Include="Source\V3World\ClayManager\PopLoader\SubStatePopEntries.h">
      <Filter>Vic3World\ClayManager\PopLoader</Filter>
    </ClInclude>
    <ClInclude Include="Source\V3World\ClayManager\PopLoader\SubStateEntries.h">
      <Filter>Vic3World\ClayManager\PopLoader</Filter>
    </ClInclude>
    <ClInclude Include="Source\V3World\ClayManager\PopLoader\StateEntries.h">
      <Filter>Vic3World\ClayManager\PopLoader</Filter>
    </ClInclude>
    <ClInclude Include="Source\EU4World\Loaders\ReligionLoader\Religion.h" />
    <ClInclude Include="Source\V3World\ClayManager\PopLoader\Pops\Pop.h">
      <Filter>Vic3World\ClayManager\PopLoader\Pops</Filter>
    </ClInclude>
    <ClInclude Include="Source\V3World\ClayManager\PopLoader\Pops\StatePops.h">
      <Filter>Vic3World\ClayManager\PopLoader\Pops</Filter>
    </ClInclude>
    <ClInclude Include="Source\V3World\ClayManager\PopLoader\Pops\SubStatePops.h">
      <Filter>Vic3World\ClayManager\PopLoader\Pops</Filter>
    </ClInclude>
  </ItemGroup>
  <ItemGroup>
    <Filter Include="EU4World">
      <UniqueIdentifier>{1c4738b1-ae86-48d8-b793-d46251e6f372}</UniqueIdentifier>
    </Filter>
    <Filter Include="Mappers">
      <UniqueIdentifier>{bf826ab7-8ea4-4e55-9e01-15ed547a428e}</UniqueIdentifier>
    </Filter>
    <Filter Include="Vic3World">
      <UniqueIdentifier>{54d664c9-6ab6-495c-860c-285dad122e46}</UniqueIdentifier>
    </Filter>
    <Filter Include="CommonItems">
      <UniqueIdentifier>{92d9302b-67c1-46ea-9493-b56e75598574}</UniqueIdentifier>
    </Filter>
    <Filter Include="Helpers">
      <UniqueIdentifier>{ef5e0061-2ce9-448e-9f80-9fa52991faf9}</UniqueIdentifier>
    </Filter>
    <Filter Include="Configuration">
      <UniqueIdentifier>{d01a72f6-2885-4bde-958e-76252c9f9a2f}</UniqueIdentifier>
    </Filter>
    <Filter Include="EU4World\RegionManager">
      <UniqueIdentifier>{e2723ebd-a078-4524-bff0-9457b5f9f27e}</UniqueIdentifier>
    </Filter>
    <Filter Include="EU4World\ProvinceManager">
      <UniqueIdentifier>{4f7c05ee-cb8f-4436-8495-f52384a4e76e}</UniqueIdentifier>
    </Filter>
    <Filter Include="Mappers\SuperGroupMapper">
      <UniqueIdentifier>{9165f4a9-6a29-4b55-a3e4-04fadbffec2c}</UniqueIdentifier>
    </Filter>
    <Filter Include="EU4World\CountryManager">
      <UniqueIdentifier>{92866d4d-6084-4d4f-93c3-737529cbde04}</UniqueIdentifier>
    </Filter>
    <Filter Include="EU4World\CountryManager\CountryArmy">
      <UniqueIdentifier>{21a7e896-4baa-44b6-81d0-2e999e2524dc}</UniqueIdentifier>
    </Filter>
    <Filter Include="EU4World\CountryManager\CountryGovernment">
      <UniqueIdentifier>{e215170c-eaba-4edb-9de4-94bc3353c25a}</UniqueIdentifier>
    </Filter>
    <Filter Include="EU4World\CountryManager\CountryHistory">
      <UniqueIdentifier>{07602bb9-3268-4879-9bcd-b075b3c02d52}</UniqueIdentifier>
    </Filter>
    <Filter Include="EU4World\CountryManager\CountryRelations">
      <UniqueIdentifier>{d28600ca-d77c-45ea-8fc3-424e8a0165aa}</UniqueIdentifier>
    </Filter>
    <Filter Include="EU4World\CountryManager\NationalSymbol">
      <UniqueIdentifier>{614e2fd3-ed65-4312-bc7b-0e16ea893660}</UniqueIdentifier>
    </Filter>
    <Filter Include="EU4World\Loaders">
      <UniqueIdentifier>{54f364c8-6ace-470d-a774-166891ee5387}</UniqueIdentifier>
    </Filter>
    <Filter Include="EU4World\Loaders\BuildingCostLoader">
      <UniqueIdentifier>{168becb4-8fc8-45dc-8faf-3ffeb43c578f}</UniqueIdentifier>
    </Filter>
    <Filter Include="EU4World\Loaders\CultureLoader">
      <UniqueIdentifier>{dd81ecfb-7296-491f-b7a5-2f12b9b48578}</UniqueIdentifier>
    </Filter>
    <Filter Include="EU4World\Loaders\DefaultMapParser">
      <UniqueIdentifier>{cb48dceb-0ce1-44b3-9637-f716d71770cb}</UniqueIdentifier>
    </Filter>
    <Filter Include="EU4World\Loaders\DefinitionScraper">
      <UniqueIdentifier>{3b10e78d-4cf9-44ac-a04e-2bfa3c3fa59d}</UniqueIdentifier>
    </Filter>
    <Filter Include="EU4World\Loaders\ModLoader">
      <UniqueIdentifier>{2df851e2-8cda-4fd9-b7e2-b0b122201410}</UniqueIdentifier>
    </Filter>
    <Filter Include="EU4World\Loaders\ReligionLoader">
      <UniqueIdentifier>{dba84e8d-44a6-4c86-b579-f305819495b2}</UniqueIdentifier>
    </Filter>
    <Filter Include="EU4World\Loaders\UnitTypeLoader">
      <UniqueIdentifier>{2ffc6ab3-9469-4a92-be89-02b407452d52}</UniqueIdentifier>
    </Filter>
    <Filter Include="EU4World\CountryManager\CountryLeader">
      <UniqueIdentifier>{3da46a9b-5916-43c7-b840-4ea6aaa91ef0}</UniqueIdentifier>
    </Filter>
    <Filter Include="EU4World\EmpireParser">
      <UniqueIdentifier>{2349698f-6458-4145-baac-78d38d2d7899}</UniqueIdentifier>
    </Filter>
    <Filter Include="EU4World\Loaders\CommonCountryLoader">
      <UniqueIdentifier>{6da67b6f-d3af-4d94-b6ba-edb031e3da85}</UniqueIdentifier>
    </Filter>
    <Filter Include="Mappers\NationMergeMapper">
      <UniqueIdentifier>{f70b07f2-49bb-419a-a8d7-82fec6fa682f}</UniqueIdentifier>
    </Filter>
    <Filter Include="EU4World\DiplomacyParser">
      <UniqueIdentifier>{3283ed96-23af-4348-9871-7d3b5a3494ec}</UniqueIdentifier>
    </Filter>
    <Filter Include="EU4World\WarParser">
      <UniqueIdentifier>{3baadc70-67a6-4d1f-9ac7-2475da8a2040}</UniqueIdentifier>
    </Filter>
    <Filter Include="EU4World\Loaders\LocalizationLoader">
      <UniqueIdentifier>{f3da19ad-047c-47c4-955a-50c83236fa3f}</UniqueIdentifier>
    </Filter>
    <Filter Include="EU4World\Loaders\ColonialRegionLoader">
      <UniqueIdentifier>{9e5b88cc-ff57-4f96-b614-ad480c35973a}</UniqueIdentifier>
    </Filter>
    <Filter Include="CommonItems\ModLoader">
      <UniqueIdentifier>{7ceb24a6-d800-4a7a-81aa-33faf3e44a12}</UniqueIdentifier>
    </Filter>
    <Filter Include="Vic3World\ClayManager">
      <UniqueIdentifier>{0a378b7a-d1c3-4af9-a45a-15dba484c76d}</UniqueIdentifier>
    </Filter>
    <Filter Include="Vic3World\ClayManager\StateLoader">
      <UniqueIdentifier>{6fb9a205-ea5a-4fc3-8d95-543cfe39ce01}</UniqueIdentifier>
    </Filter>
    <Filter Include="Vic3World\ClayManager\TerrainLoader">
      <UniqueIdentifier>{f7ec7bc2-e217-4623-ac86-eb2dc4188452}</UniqueIdentifier>
    </Filter>
    <Filter Include="Vic3World\ClayManager\SuperRegionLoader">
      <UniqueIdentifier>{937ef44f-684b-4c9c-b846-5faf7541c2d8}</UniqueIdentifier>
    </Filter>
    <Filter Include="Mappers\ProvinceMapper">
      <UniqueIdentifier>{07e0bf0e-e2e6-4c4c-968e-02fcd0d0de67}</UniqueIdentifier>
    </Filter>
    <Filter Include="Vic3World\PoliticalManager">
      <UniqueIdentifier>{6ea2f984-e72b-4a1b-9edc-c6e0f6dafbd9}</UniqueIdentifier>
    </Filter>
    <Filter Include="Vic3World\PoliticalManager\CountryDefinitionLoader">
      <UniqueIdentifier>{41cfcd10-b3df-4ebb-b81b-0f2345e318d4}</UniqueIdentifier>
    </Filter>
    <Filter Include="Mappers\CountryMapper">
      <UniqueIdentifier>{9fd0deb4-b650-4e02-ab54-decd0f389ba3}</UniqueIdentifier>
    </Filter>
    <Filter Include="Output">
      <UniqueIdentifier>{d44b810c-0adf-4a72-888c-8c2abcf9c1fc}</UniqueIdentifier>
    </Filter>
    <Filter Include="Output\outCountries">
      <UniqueIdentifier>{e9244a4d-c2af-42f1-8e03-350ae4e9d182}</UniqueIdentifier>
    </Filter>
    <Filter Include="Output\outStates">
      <UniqueIdentifier>{e8d8a302-86e8-4e3a-b7c2-36d0317defe7}</UniqueIdentifier>
    </Filter>
    <Filter Include="Output\outLocalizations">
      <UniqueIdentifier>{8428f34b-e977-45bd-bbcf-1c60434b1915}</UniqueIdentifier>
    </Filter>
    <Filter Include="Output\outMetadataFile">
      <UniqueIdentifier>{ad615283-7591-40b7-b442-5d815ca74fd8}</UniqueIdentifier>
    </Filter>
    <Filter Include="Mappers\ReligionMapper">
      <UniqueIdentifier>{52d9e7f3-52a3-451b-b34a-35ed428a8d87}</UniqueIdentifier>
    </Filter>
    <Filter Include="Mappers\CultureMapper">
      <UniqueIdentifier>{0c8a8b22-fc70-4e2d-9e64-9ecfd6359cd9}</UniqueIdentifier>
    </Filter>
    <Filter Include="Vic3World\ClayManager\PopLoader">
      <UniqueIdentifier>{759df350-e118-45c9-b610-3f74743a2e6d}</UniqueIdentifier>
    </Filter>
    <Filter Include="Vic3World\ClayManager\PopLoader\Pops">
      <UniqueIdentifier>{3e5fb98e-7d0c-4bbe-b4fd-cc5174898614}</UniqueIdentifier>
    </Filter>
  </ItemGroup>
</Project>