<?xml version="1.0" encoding="utf-8"?>
<Project ToolsVersion="4.0" xmlns="http://schemas.microsoft.com/developer/msbuild/2003">
  <ItemGroup>
    <ClCompile Include="Source\EU4toVic3Converter.cpp" />
    <ClCompile Include="Source\main.cpp" />
    <ClCompile Include="Source\EU4World\World.cpp">
      <Filter>EU4World</Filter>
    </ClCompile>
    <ClCompile Include="Source\V3World\V3World.cpp">
      <Filter>Vic3World</Filter>
    </ClCompile>
    <ClCompile Include="..\commonItems\Date.cpp">
      <Filter>CommonItems</Filter>
    </ClCompile>
    <ClCompile Include="..\commonItems\iconvlite.cpp">
      <Filter>CommonItems</Filter>
    </ClCompile>
    <ClCompile Include="..\commonItems\Log.cpp">
      <Filter>CommonItems</Filter>
    </ClCompile>
    <ClCompile Include="..\commonItems\Parser.cpp">
      <Filter>CommonItems</Filter>
    </ClCompile>
    <ClCompile Include="..\commonItems\ParserHelpers.cpp">
      <Filter>CommonItems</Filter>
    </ClCompile>
    <ClCompile Include="..\commonItems\StringUtils.cpp">
      <Filter>CommonItems</Filter>
    </ClCompile>
    <ClCompile Include="..\commonItems\WinUtils.cpp">
      <Filter>CommonItems</Filter>
    </ClCompile>
    <ClCompile Include="..\commonItems\OSCommonLayer.cpp">
      <Filter>CommonItems</Filter>
    </ClCompile>
    <ClCompile Include="..\commonItems\CommonFunctions.cpp">
      <Filter>CommonItems</Filter>
    </ClCompile>
    <ClCompile Include="..\commonItems\GameVersion.cpp">
      <Filter>CommonItems</Filter>
    </ClCompile>
    <ClCompile Include="..\commonItems\targa.cpp">
      <Filter>CommonItems</Filter>
    </ClCompile>
    <ClCompile Include="..\commonItems\Color.cpp">
      <Filter>CommonItems</Filter>
    </ClCompile>
    <ClCompile Include="..\commonItems\ConvenientParser.cpp">
      <Filter>CommonItems</Filter>
    </ClCompile>
    <ClCompile Include="Source\EU4World\Mods\ModNames.cpp">
      <Filter>EU4World\Mods</Filter>
    </ClCompile>
    <ClCompile Include="Source\Mappers\ConverterVersion\ConverterVersion.cpp">
      <Filter>Mappers\ConverterVersion</Filter>
    </ClCompile>
    <ClCompile Include="Source\V3World\Output\outConverterVersion.cpp">
      <Filter>Vic3World\Output</Filter>
    </ClCompile>
    <ClCompile Include="Source\Configuration\Configuration.cpp">
      <Filter>Configuration</Filter>
    </ClCompile>
    <ClCompile Include="Source\EU4World\Mods\ModParser.cpp">
      <Filter>EU4World\Mods</Filter>
    </ClCompile>
    <ClCompile Include="Source\EU4World\Mods\ModLoader.cpp">
      <Filter>EU4World\Mods</Filter>
    </ClCompile>
    <ClCompile Include="Source\V3World\Output\outModFile.cpp">
      <Filter>Vic3World\Output</Filter>
    </ClCompile>
  </ItemGroup>
  <ItemGroup>
    <ClInclude Include="Source\EU4ToVic3Converter.h" />
    <ClInclude Include="Source\EU4World\World.h">
      <Filter>EU4World</Filter>
    </ClInclude>
    <ClInclude Include="Source\V3World\V3World.h">
      <Filter>Vic3World</Filter>
    </ClInclude>
    <ClInclude Include="..\commonItems\Date.h">
      <Filter>CommonItems</Filter>
    </ClInclude>
    <ClInclude Include="..\commonItems\iconvlite.h">
      <Filter>CommonItems</Filter>
    </ClInclude>
    <ClInclude Include="..\commonItems\Log.h">
      <Filter>CommonItems</Filter>
    </ClInclude>
    <ClInclude Include="..\commonItems\OSCompatibilityLayer.h">
      <Filter>CommonItems</Filter>
    </ClInclude>
    <ClInclude Include="..\commonItems\Parser.h">
      <Filter>CommonItems</Filter>
    </ClInclude>
    <ClInclude Include="..\commonItems\ParserHelpers.h">
      <Filter>CommonItems</Filter>
    </ClInclude>
    <ClInclude Include="..\commonItems\StringUtils.h">
      <Filter>CommonItems</Filter>
    </ClInclude>
    <ClInclude Include="..\commonItems\CommonFunctions.h">
      <Filter>CommonItems</Filter>
    </ClInclude>
    <ClInclude Include="..\commonItems\GameVersion.h">
      <Filter>CommonItems</Filter>
    </ClInclude>
    <ClInclude Include="..\commonItems\targa.h">
      <Filter>CommonItems</Filter>
    </ClInclude>
    <ClInclude Include="Source\Helpers\rakaly.h">
      <Filter>Helpers</Filter>
    </ClInclude>
    <ClInclude Include="..\commonItems\Color.h">
      <Filter>CommonItems</Filter>
    </ClInclude>
    <ClInclude Include="Source\Helpers\rakaly_wrapper.h">
      <Filter>Helpers</Filter>
    </ClInclude>
    <ClInclude Include="..\commonItems\CommonRegexes.h">
      <Filter>CommonItems</Filter>
    </ClInclude>
    <ClInclude Include="..\commonItems\ConvenientParser.h">
      <Filter>CommonItems</Filter>
    </ClInclude>
    <ClInclude Include="Source\EU4World\Mods\ModNames.h">
      <Filter>EU4World\Mods</Filter>
    </ClInclude>
    <ClInclude Include="Source\Mappers\ConverterVersion\ConverterVersion.h">
      <Filter>Mappers\ConverterVersion</Filter>
    </ClInclude>
    <ClInclude Include="Source\V3World\Output\outConverterVersion.h">
      <Filter>Vic3World\Output</Filter>
    </ClInclude>
    <ClInclude Include="Source\Configuration\Configuration.h">
      <Filter>Configuration</Filter>
    </ClInclude>
    <ClInclude Include="Source\EU4World\Mods\ModParser.h">
      <Filter>EU4World\Mods</Filter>
    </ClInclude>
    <ClInclude Include="Source\EU4World\Mods\ModLoader.h">
      <Filter>EU4World\Mods</Filter>
    </ClInclude>
    <ClInclude Include="Source\V3World\Output\outModFile.h">
      <Filter>Vic3World\Output</Filter>
    </ClInclude>
  </ItemGroup>
  <ItemGroup>
    <Filter Include="EU4World">
      <UniqueIdentifier>{1c4738b1-ae86-48d8-b793-d46251e6f372}</UniqueIdentifier>
    </Filter>
    <Filter Include="Mappers">
      <UniqueIdentifier>{bf826ab7-8ea4-4e55-9e01-15ed547a428e}</UniqueIdentifier>
    </Filter>
    <Filter Include="Vic3World">
      <UniqueIdentifier>{54d664c9-6ab6-495c-860c-285dad122e46}</UniqueIdentifier>
    </Filter>
    <Filter Include="CommonItems">
      <UniqueIdentifier>{92d9302b-67c1-46ea-9493-b56e75598574}</UniqueIdentifier>
    </Filter>
    <Filter Include="EU4World\Mods">
      <UniqueIdentifier>{5cf7770c-c44d-44fd-864a-e3ae2fc9fe43}</UniqueIdentifier>
    </Filter>
    <Filter Include="Helpers">
      <UniqueIdentifier>{ef5e0061-2ce9-448e-9f80-9fa52991faf9}</UniqueIdentifier>
    </Filter>
    <Filter Include="Vic3World\Output">
      <UniqueIdentifier>{9fb14058-9987-4188-8664-36162b13d0af}</UniqueIdentifier>
    </Filter>
    <Filter Include="Mappers\ConverterVersion">
      <UniqueIdentifier>{dcf56eb2-a0cc-4bff-88b3-a64cf1bc16ac}</UniqueIdentifier>
    </Filter>
    <Filter Include="Configuration">
      <UniqueIdentifier>{d01a72f6-2885-4bde-958e-76252c9f9a2f}</UniqueIdentifier>
    </Filter>
  </ItemGroup>
</Project>